github.com/Fiqri636/go-say-hello v1.0.0 h1:TpkEOh6dQrGk4CPxXx1jGjS0a5cYh8FE61NirL0tKlQ=
github.com/Fiqri636/go-say-hello v1.0.0/go.mod h1:vGshj4qbB5dXIcqVgMkaXuxfSThYivaBM2YzblquFJ4=
github.com/Fiqri636/go-say-hello/v2 v2.0.0 h1:XGif1n7rVTM0FJbyRsZVvcfr9gPDIHai9xEnlyrhRRM=
github.com/Fiqri636/go-say-hello/v2 v2.0.0/go.mod h1:I4QxljYKdlaPSTCi49jSY+boL25K1AWktZjmaFa9VUw=
